
Microsoft Visual Studio Solution File, Format Version 12.00
# Visual Studio Version 17
VisualStudioVersion = 17.0.32126.317
MinimumVisualStudioVersion = 10.0.40219.1
Project("{9A19103F-16F7-4668-BE54-9A1E7A4F7556}") = "unittests", "unittests\unittests.csproj", "{F3B0CDAD-046C-4023-B980-C5EA0FCE9D9B}"
EndProject
Project("{9A19103F-16F7-4668-BE54-9A1E7A4F7556}") = "Baksteen.Extensions.DeepCopy", "deepcopy\Baksteen.Extensions.DeepCopy.csproj", "{3179A81B-A48B-4F45-A259-9C3E2AE315F8}"
EndProject
Global
	GlobalSection(SolutionConfigurationPlatforms) = preSolution
		Debug|Any CPU = Debug|Any CPU
		Release|Any CPU = Release|Any CPU
	EndGlobalSection
	GlobalSection(ProjectConfigurationPlatforms) = postSolution
		{F3B0CDAD-046C-4023-B980-C5EA0FCE9D9B}.Debug|Any CPU.ActiveCfg = Debug|Any CPU
		{F3B0CDAD-046C-4023-B980-C5EA0FCE9D9B}.Debug|Any CPU.Build.0 = Debug|Any CPU
		{F3B0CDAD-046C-4023-B980-C5EA0FCE9D9B}.Release|Any CPU.ActiveCfg = Release|Any CPU
		{F3B0CDAD-046C-4023-B980-C5EA0FCE9D9B}.Release|Any CPU.Build.0 = Release|Any CPU
		{3179A81B-A48B-4F45-A259-9C3E2AE315F8}.Debug|Any CPU.ActiveCfg = Debug|Any CPU
		{3179A81B-A48B-4F45-A259-9C3E2AE315F8}.Debug|Any CPU.Build.0 = Debug|Any CPU
		{3179A81B-A48B-4F45-A259-9C3E2AE315F8}.Release|Any CPU.ActiveCfg = Release|Any CPU
		{3179A81B-A48B-4F45-A259-9C3E2AE315F8}.Release|Any CPU.Build.0 = Release|Any CPU
	EndGlobalSection
	GlobalSection(SolutionProperties) = preSolution
		HideSolutionNode = FALSE
	EndGlobalSection
	GlobalSection(ExtensibilityGlobals) = postSolution
		SolutionGuid = {74050191-E7CB-4D78-AC5B-591C53CFFA4F}
	EndGlobalSection
EndGlobal
