
Microsoft Visual Studio Solution File, Format Version 12.00
# Visual Studio 15
VisualStudioVersion = 15.0.28307.329
MinimumVisualStudioVersion = 10.0.40219.1
Project("{FAE04EC0-301F-11D3-BF4B-00C04F79EFBC}") = "netobjdeepcopy", "netobjdeepcopy.csproj", "{7900459D-F2F7-461F-948A-FFE4EEFF6148}"
EndProject
Project("{FAE04EC0-301F-11D3-BF4B-00C04F79EFBC}") = "unittests", "unittests\unittests.csproj", "{F3B0CDAD-046C-4023-B980-C5EA0FCE9D9B}"
EndProject
Global
	GlobalSection(SolutionConfigurationPlatforms) = preSolution
		Debug|Any CPU = Debug|Any CPU
		Release|Any CPU = Release|Any CPU
	EndGlobalSection
	GlobalSection(ProjectConfigurationPlatforms) = postSolution
		{7900459D-F2F7-461F-948A-FFE4EEFF6148}.Debug|Any CPU.ActiveCfg = Debug|Any CPU
		{7900459D-F2F7-461F-948A-FFE4EEFF6148}.Debug|Any CPU.Build.0 = Debug|Any CPU
		{7900459D-F2F7-461F-948A-FFE4EEFF6148}.Release|Any CPU.ActiveCfg = Release|Any CPU
		{7900459D-F2F7-461F-948A-FFE4EEFF6148}.Release|Any CPU.Build.0 = Release|Any CPU
		{F3B0CDAD-046C-4023-B980-C5EA0FCE9D9B}.Debug|Any CPU.ActiveCfg = Debug|Any CPU
		{F3B0CDAD-046C-4023-B980-C5EA0FCE9D9B}.Debug|Any CPU.Build.0 = Debug|Any CPU
		{F3B0CDAD-046C-4023-B980-C5EA0FCE9D9B}.Release|Any CPU.ActiveCfg = Release|Any CPU
		{F3B0CDAD-046C-4023-B980-C5EA0FCE9D9B}.Release|Any CPU.Build.0 = Release|Any CPU
	EndGlobalSection
	GlobalSection(SolutionProperties) = preSolution
		HideSolutionNode = FALSE
	EndGlobalSection
	GlobalSection(ExtensibilityGlobals) = postSolution
		SolutionGuid = {74050191-E7CB-4D78-AC5B-591C53CFFA4F}
	EndGlobalSection
EndGlobal
